
Microsoft Visual Studio Solution File, Format Version 12.00
# Visual Studio Version 17
VisualStudioVersion = 17.14.36623.8 d17.14
MinimumVisualStudioVersion = 10.0.40219.1
Project("{FAE04EC0-301F-11D3-BF4B-00C04F79EFBC}") = "Middleware Pipeline", "Middleware Pipeline.csproj", "{ABD4BD08-4866-473D-8667-8AEB53F8490D}"
EndProject
Global
	GlobalSection(SolutionConfigurationPlatforms) = preSolution
		Debug|Any CPU = Debug|Any CPU
		Release|Any CPU = Release|Any CPU
	EndGlobalSection
	GlobalSection(ProjectConfigurationPlatforms) = postSolution
		{ABD4BD08-4866-473D-8667-8AEB53F8490D}.Debug|Any CPU.ActiveCfg = Debug|Any CPU
		{ABD4BD08-4866-473D-8667-8AEB53F8490D}.Debug|Any CPU.Build.0 = Debug|Any CPU
		{ABD4BD08-4866-473D-8667-8AEB53F8490D}.Release|Any CPU.ActiveCfg = Release|Any CPU
		{ABD4BD08-4866-473D-8667-8AEB53F8490D}.Release|Any CPU.Build.0 = Release|Any CPU
	EndGlobalSection
	GlobalSection(SolutionProperties) = preSolution
		HideSolutionNode = FALSE
	EndGlobalSection
	GlobalSection(ExtensibilityGlobals) = postSolution
		SolutionGuid = {E4706041-4E79-498B-BDA1-7D60951168DF}
	EndGlobalSection
EndGlobal
